
Microsoft Visual Studio Solution File, Format Version 12.00
# Visual Studio Version 17
VisualStudioVersion = 17.13.35818.85 d17.13
MinimumVisualStudioVersion = 10.0.40219.1
Project("{FAE04EC0-301F-11D3-BF4B-00C04F79EFBC}") = "DemoChart", "DemoChart\DemoChart.csproj", "{0E8EEA8C-53F2-4F22-A7E7-75DC9D0B9775}"
EndProject
Global
	GlobalSection(SolutionConfigurationPlatforms) = preSolution
		Debug|Any CPU = Debug|Any CPU
		Release|Any CPU = Release|Any CPU
	EndGlobalSection
	GlobalSection(ProjectConfigurationPlatforms) = postSolution
		{0E8EEA8C-53F2-4F22-A7E7-75DC9D0B9775}.Debug|Any CPU.ActiveCfg = Debug|Any CPU
		{0E8EEA8C-53F2-4F22-A7E7-75DC9D0B9775}.Debug|Any CPU.Build.0 = Debug|Any CPU
		{0E8EEA8C-53F2-4F22-A7E7-75DC9D0B9775}.Release|Any CPU.ActiveCfg = Release|Any CPU
		{0E8EEA8C-53F2-4F22-A7E7-75DC9D0B9775}.Release|Any CPU.Build.0 = Release|Any CPU
	EndGlobalSection
	GlobalSection(SolutionProperties) = preSolution
		HideSolutionNode = FALSE
	EndGlobalSection
	GlobalSection(ExtensibilityGlobals) = postSolution
		SolutionGuid = {07551585-1BE9-4701-B170-58BA5AF20657}
	EndGlobalSection
EndGlobal
